
Microsoft Visual Studio Solution File, Format Version 12.00
# Visual Studio Version 17
VisualStudioVersion = 17.9.34723.18
MinimumVisualStudioVersion = 10.0.40219.1
Project("{F184B08F-C81C-45F6-A57F-5ABD9991F28F}") = "GuessTheNumber", "GuessTheNumber\GuessTheNumber.vbproj", "{26B29868-215A-420F-9E50-A794F084D6F5}"
EndProject
Global
	GlobalSection(SolutionConfigurationPlatforms) = preSolution
		Debug|Any CPU = Debug|Any CPU
		Release|Any CPU = Release|Any CPU
	EndGlobalSection
	GlobalSection(ProjectConfigurationPlatforms) = postSolution
		{26B29868-215A-420F-9E50-A794F084D6F5}.Debug|Any CPU.ActiveCfg = Debug|Any CPU
		{26B29868-215A-420F-9E50-A794F084D6F5}.Debug|Any CPU.Build.0 = Debug|Any CPU
		{26B29868-215A-420F-9E50-A794F084D6F5}.Release|Any CPU.ActiveCfg = Release|Any CPU
		{26B29868-215A-420F-9E50-A794F084D6F5}.Release|Any CPU.Build.0 = Release|Any CPU
	EndGlobalSection
	GlobalSection(SolutionProperties) = preSolution
		HideSolutionNode = FALSE
	EndGlobalSection
	GlobalSection(ExtensibilityGlobals) = postSolution
		SolutionGuid = {866A7D9A-BC7B-4459-B8E3-49A8A57CD3D9}
	EndGlobalSection
EndGlobal
